
Microsoft Visual Studio Solution File, Format Version 11.00
# Visual Studio 2010
Project("{FAE04EC0-301F-11D3-BF4B-00C04F79EFBC}") = "SerpentGame", "Serpent\Serpent\SerpentGame.csproj", "{AF045AD3-0B2C-4593-943D-0707CC48C7FB}"
EndProject
Project("{FAE04EC0-301F-11D3-BF4B-00C04F79EFBC}") = "SerpentContent", "Serpent\SerpentContent\SerpentContent.contentproj", "{DD9CFA6E-A137-4088-B7AE-55FE4ABE2E84}"
EndProject
Project("{FAE04EC0-301F-11D3-BF4B-00C04F79EFBC}") = "Serpent.Test", "Serpent.Test\Serpent.Test.csproj", "{63E41AD8-757D-4F48-A860-CDD723840C5B}"
EndProject
Project("{FAE04EC0-301F-11D3-BF4B-00C04F79EFBC}") = "MyContentPipelineExtension", "MyContentPipelineExtension\MyContentPipelineExtension.csproj", "{CBE56486-2C3E-477A-A739-04BAB1EC8FE7}"
EndProject
Project("{FAE04EC0-301F-11D3-BF4B-00C04F79EFBC}") = "factor10.VisionThing", "..\factor10.VisionThing\factor10.VisionThing.csproj", "{57F05DF6-C98A-4989-89C6-473773287427}"
EndProject
Project("{FAE04EC0-301F-11D3-BF4B-00C04F79EFBC}") = "factor10.VisionThingContent", "..\factor10.VisionThingContent\factor10.VisionThingContent.contentproj", "{632177D6-E0FB-4905-BB4E-B8B9B330244F}"
EndProject
Global
	GlobalSection(SolutionConfigurationPlatforms) = preSolution
		Debug|Any CPU = Debug|Any CPU
		Debug|Mixed Platforms = Debug|Mixed Platforms
		Debug|x86 = Debug|x86
		Release|Any CPU = Release|Any CPU
		Release|Mixed Platforms = Release|Mixed Platforms
		Release|x86 = Release|x86
	EndGlobalSection
	GlobalSection(ProjectConfigurationPlatforms) = postSolution
		{AF045AD3-0B2C-4593-943D-0707CC48C7FB}.Debug|Any CPU.ActiveCfg = Debug|x86
		{AF045AD3-0B2C-4593-943D-0707CC48C7FB}.Debug|Mixed Platforms.ActiveCfg = Debug|x86
		{AF045AD3-0B2C-4593-943D-0707CC48C7FB}.Debug|Mixed Platforms.Build.0 = Debug|x86
		{AF045AD3-0B2C-4593-943D-0707CC48C7FB}.Debug|x86.ActiveCfg = Debug|x86
		{AF045AD3-0B2C-4593-943D-0707CC48C7FB}.Debug|x86.Build.0 = Debug|x86
		{AF045AD3-0B2C-4593-943D-0707CC48C7FB}.Release|Any CPU.ActiveCfg = Release|x86
		{AF045AD3-0B2C-4593-943D-0707CC48C7FB}.Release|Mixed Platforms.ActiveCfg = Release|x86
		{AF045AD3-0B2C-4593-943D-0707CC48C7FB}.Release|Mixed Platforms.Build.0 = Release|x86
		{AF045AD3-0B2C-4593-943D-0707CC48C7FB}.Release|x86.ActiveCfg = Release|x86
		{AF045AD3-0B2C-4593-943D-0707CC48C7FB}.Release|x86.Build.0 = Release|x86
		{DD9CFA6E-A137-4088-B7AE-55FE4ABE2E84}.Debug|Any CPU.ActiveCfg = Debug|Any CPU
		{DD9CFA6E-A137-4088-B7AE-55FE4ABE2E84}.Debug|Mixed Platforms.ActiveCfg = Debug|Any CPU
		{DD9CFA6E-A137-4088-B7AE-55FE4ABE2E84}.Debug|x86.ActiveCfg = Debug|Any CPU
		{DD9CFA6E-A137-4088-B7AE-55FE4ABE2E84}.Release|Any CPU.ActiveCfg = Debug|Any CPU
		{DD9CFA6E-A137-4088-B7AE-55FE4ABE2E84}.Release|Mixed Platforms.ActiveCfg = Debug|Any CPU
		{DD9CFA6E-A137-4088-B7AE-55FE4ABE2E84}.Release|x86.ActiveCfg = Debug|Any CPU
		{63E41AD8-757D-4F48-A860-CDD723840C5B}.Debug|Any CPU.ActiveCfg = Debug|Any CPU
		{63E41AD8-757D-4F48-A860-CDD723840C5B}.Debug|Any CPU.Build.0 = Debug|Any CPU
		{63E41AD8-757D-4F48-A860-CDD723840C5B}.Debug|Mixed Platforms.ActiveCfg = Debug|Any CPU
		{63E41AD8-757D-4F48-A860-CDD723840C5B}.Debug|Mixed Platforms.Build.0 = Debug|Any CPU
		{63E41AD8-757D-4F48-A860-CDD723840C5B}.Debug|x86.ActiveCfg = Debug|Any CPU
		{63E41AD8-757D-4F48-A860-CDD723840C5B}.Release|Any CPU.ActiveCfg = Release|Any CPU
		{63E41AD8-757D-4F48-A860-CDD723840C5B}.Release|Any CPU.Build.0 = Release|Any CPU
		{63E41AD8-757D-4F48-A860-CDD723840C5B}.Release|Mixed Platforms.ActiveCfg = Release|Any CPU
		{63E41AD8-757D-4F48-A860-CDD723840C5B}.Release|Mixed Platforms.Build.0 = Release|Any CPU
		{63E41AD8-757D-4F48-A860-CDD723840C5B}.Release|x86.ActiveCfg = Release|Any CPU
		{CBE56486-2C3E-477A-A739-04BAB1EC8FE7}.Debug|Any CPU.ActiveCfg = Debug|x86
		{CBE56486-2C3E-477A-A739-04BAB1EC8FE7}.Debug|Any CPU.Build.0 = Debug|x86
		{CBE56486-2C3E-477A-A739-04BAB1EC8FE7}.Debug|Mixed Platforms.ActiveCfg = Debug|x86
		{CBE56486-2C3E-477A-A739-04BAB1EC8FE7}.Debug|Mixed Platforms.Build.0 = Debug|x86
		{CBE56486-2C3E-477A-A739-04BAB1EC8FE7}.Debug|x86.ActiveCfg = Debug|x86
		{CBE56486-2C3E-477A-A739-04BAB1EC8FE7}.Debug|x86.Build.0 = Debug|x86
		{CBE56486-2C3E-477A-A739-04BAB1EC8FE7}.Release|Any CPU.ActiveCfg = Debug|x86
		{CBE56486-2C3E-477A-A739-04BAB1EC8FE7}.Release|Any CPU.Build.0 = Debug|x86
		{CBE56486-2C3E-477A-A739-04BAB1EC8FE7}.Release|Mixed Platforms.ActiveCfg = Debug|x86
		{CBE56486-2C3E-477A-A739-04BAB1EC8FE7}.Release|Mixed Platforms.Build.0 = Debug|x86
		{CBE56486-2C3E-477A-A739-04BAB1EC8FE7}.Release|x86.ActiveCfg = Debug|x86
		{CBE56486-2C3E-477A-A739-04BAB1EC8FE7}.Release|x86.Build.0 = Debug|x86
		{57F05DF6-C98A-4989-89C6-473773287427}.Debug|Any CPU.ActiveCfg = Debug|x86
		{57F05DF6-C98A-4989-89C6-473773287427}.Debug|Mixed Platforms.ActiveCfg = Debug|x86
		{57F05DF6-C98A-4989-89C6-473773287427}.Debug|Mixed Platforms.Build.0 = Debug|x86
		{57F05DF6-C98A-4989-89C6-473773287427}.Debug|x86.ActiveCfg = Debug|x86
		{57F05DF6-C98A-4989-89C6-473773287427}.Debug|x86.Build.0 = Debug|x86
		{57F05DF6-C98A-4989-89C6-473773287427}.Release|Any CPU.ActiveCfg = Release|x86
		{57F05DF6-C98A-4989-89C6-473773287427}.Release|Mixed Platforms.ActiveCfg = Release|x86
		{57F05DF6-C98A-4989-89C6-473773287427}.Release|Mixed Platforms.Build.0 = Release|x86
		{57F05DF6-C98A-4989-89C6-473773287427}.Release|x86.ActiveCfg = Release|x86
		{57F05DF6-C98A-4989-89C6-473773287427}.Release|x86.Build.0 = Release|x86
		{632177D6-E0FB-4905-BB4E-B8B9B330244F}.Debug|Any CPU.ActiveCfg = Debug|x86
		{632177D6-E0FB-4905-BB4E-B8B9B330244F}.Debug|Mixed Platforms.ActiveCfg = Debug|x86
		{632177D6-E0FB-4905-BB4E-B8B9B330244F}.Debug|x86.ActiveCfg = Debug|x86
		{632177D6-E0FB-4905-BB4E-B8B9B330244F}.Release|Any CPU.ActiveCfg = Release|x86
		{632177D6-E0FB-4905-BB4E-B8B9B330244F}.Release|Mixed Platforms.ActiveCfg = Release|x86
		{632177D6-E0FB-4905-BB4E-B8B9B330244F}.Release|x86.ActiveCfg = Release|x86
	EndGlobalSection
	GlobalSection(SolutionProperties) = preSolution
		HideSolutionNode = FALSE
	EndGlobalSection
EndGlobal
