
Microsoft Visual Studio Solution File, Format Version 12.00
# Visual Studio 2013
VisualStudioVersion = 12.0.21005.1
MinimumVisualStudioVersion = 10.0.40219.1
Project("{FAE04EC0-301F-11D3-BF4B-00C04F79EFBC}") = "Exempel1", "Exempel1\Exempel1.csproj", "{7A703656-941A-4F4D-B8CC-9118372A4513}"
EndProject
Project("{FAE04EC0-301F-11D3-BF4B-00C04F79EFBC}") = "Exempel2", "Exempel2\Exempel2.csproj", "{3153207F-0FF6-4E1C-BA79-64EB011D8287}"
EndProject
Project("{FAE04EC0-301F-11D3-BF4B-00C04F79EFBC}") = "Exempel3", "Exempel3\Exempel3.csproj", "{35DBB8D1-109B-4CAC-A018-22F9BC4888C9}"
EndProject
Project("{2150E333-8FDC-42A3-9474-1A3956D46DE8}") = "Solution Items", "Solution Items", "{93111004-AFF4-4226-A7B1-123B2091B0B3}"
EndProject
Project("{FAE04EC0-301F-11D3-BF4B-00C04F79EFBC}") = "Exempel4", "Exempel4\Exempel4.csproj", "{525891D5-3BF4-4199-A44A-594ABFE897B5}"
EndProject
Project("{FAE04EC0-301F-11D3-BF4B-00C04F79EFBC}") = "Exempel5", "Exempel5\Exempel5.csproj", "{2BAAE6FA-EEE7-4CDF-A21D-117E43D45290}"
EndProject
Project("{FAE04EC0-301F-11D3-BF4B-00C04F79EFBC}") = "DxExempel1", "DxExempel1\DxExempel1.csproj", "{D5FA662C-EFCF-4552-89BA-3E08BB7A9836}"
EndProject
Project("{2150E333-8FDC-42A3-9474-1A3956D46DE8}") = ".nuget", ".nuget", "{F2AFD252-34DF-43BD-ABD6-9C3D7D487211}"
	ProjectSection(SolutionItems) = preProject
		.nuget\NuGet.Config = .nuget\NuGet.Config
		.nuget\NuGet.exe = .nuget\NuGet.exe
		.nuget\NuGet.targets = .nuget\NuGet.targets
	EndProjectSection
EndProject
Project("{FAE04EC0-301F-11D3-BF4B-00C04F79EFBC}") = "factor10.VisionThing", "factor10.VisionThing\factor10.VisionThing.csproj", "{9158F6C8-73CF-49B4-B7EB-B06F26FCB2AC}"
EndProject
Project("{FAE04EC0-301F-11D3-BF4B-00C04F79EFBC}") = "DxExempel2", "DxExempel2\DxExempel2.csproj", "{93E9C7BB-8AC0-4DE7-A6D3-5AEC79205150}"
EndProject
Global
	GlobalSection(SolutionConfigurationPlatforms) = preSolution
		Debug|Any CPU = Debug|Any CPU
		Release|Any CPU = Release|Any CPU
	EndGlobalSection
	GlobalSection(ProjectConfigurationPlatforms) = postSolution
		{7A703656-941A-4F4D-B8CC-9118372A4513}.Debug|Any CPU.ActiveCfg = Debug|Any CPU
		{7A703656-941A-4F4D-B8CC-9118372A4513}.Debug|Any CPU.Build.0 = Debug|Any CPU
		{7A703656-941A-4F4D-B8CC-9118372A4513}.Release|Any CPU.ActiveCfg = Release|Any CPU
		{7A703656-941A-4F4D-B8CC-9118372A4513}.Release|Any CPU.Build.0 = Release|Any CPU
		{3153207F-0FF6-4E1C-BA79-64EB011D8287}.Debug|Any CPU.ActiveCfg = Debug|Any CPU
		{3153207F-0FF6-4E1C-BA79-64EB011D8287}.Debug|Any CPU.Build.0 = Debug|Any CPU
		{3153207F-0FF6-4E1C-BA79-64EB011D8287}.Release|Any CPU.ActiveCfg = Release|Any CPU
		{3153207F-0FF6-4E1C-BA79-64EB011D8287}.Release|Any CPU.Build.0 = Release|Any CPU
		{35DBB8D1-109B-4CAC-A018-22F9BC4888C9}.Debug|Any CPU.ActiveCfg = Debug|Any CPU
		{35DBB8D1-109B-4CAC-A018-22F9BC4888C9}.Debug|Any CPU.Build.0 = Debug|Any CPU
		{35DBB8D1-109B-4CAC-A018-22F9BC4888C9}.Release|Any CPU.ActiveCfg = Release|Any CPU
		{35DBB8D1-109B-4CAC-A018-22F9BC4888C9}.Release|Any CPU.Build.0 = Release|Any CPU
		{525891D5-3BF4-4199-A44A-594ABFE897B5}.Debug|Any CPU.ActiveCfg = Debug|Any CPU
		{525891D5-3BF4-4199-A44A-594ABFE897B5}.Debug|Any CPU.Build.0 = Debug|Any CPU
		{525891D5-3BF4-4199-A44A-594ABFE897B5}.Release|Any CPU.ActiveCfg = Release|Any CPU
		{525891D5-3BF4-4199-A44A-594ABFE897B5}.Release|Any CPU.Build.0 = Release|Any CPU
		{2BAAE6FA-EEE7-4CDF-A21D-117E43D45290}.Debug|Any CPU.ActiveCfg = Debug|Any CPU
		{2BAAE6FA-EEE7-4CDF-A21D-117E43D45290}.Debug|Any CPU.Build.0 = Debug|Any CPU
		{2BAAE6FA-EEE7-4CDF-A21D-117E43D45290}.Release|Any CPU.ActiveCfg = Release|Any CPU
		{2BAAE6FA-EEE7-4CDF-A21D-117E43D45290}.Release|Any CPU.Build.0 = Release|Any CPU
		{D5FA662C-EFCF-4552-89BA-3E08BB7A9836}.Debug|Any CPU.ActiveCfg = Debug|Any CPU
		{D5FA662C-EFCF-4552-89BA-3E08BB7A9836}.Debug|Any CPU.Build.0 = Debug|Any CPU
		{D5FA662C-EFCF-4552-89BA-3E08BB7A9836}.Release|Any CPU.ActiveCfg = Release|Any CPU
		{D5FA662C-EFCF-4552-89BA-3E08BB7A9836}.Release|Any CPU.Build.0 = Release|Any CPU
		{9158F6C8-73CF-49B4-B7EB-B06F26FCB2AC}.Debug|Any CPU.ActiveCfg = Debug|Any CPU
		{9158F6C8-73CF-49B4-B7EB-B06F26FCB2AC}.Debug|Any CPU.Build.0 = Debug|Any CPU
		{9158F6C8-73CF-49B4-B7EB-B06F26FCB2AC}.Release|Any CPU.ActiveCfg = Release|Any CPU
		{9158F6C8-73CF-49B4-B7EB-B06F26FCB2AC}.Release|Any CPU.Build.0 = Release|Any CPU
		{93E9C7BB-8AC0-4DE7-A6D3-5AEC79205150}.Debug|Any CPU.ActiveCfg = Debug|Any CPU
		{93E9C7BB-8AC0-4DE7-A6D3-5AEC79205150}.Debug|Any CPU.Build.0 = Debug|Any CPU
		{93E9C7BB-8AC0-4DE7-A6D3-5AEC79205150}.Release|Any CPU.ActiveCfg = Release|Any CPU
		{93E9C7BB-8AC0-4DE7-A6D3-5AEC79205150}.Release|Any CPU.Build.0 = Release|Any CPU
	EndGlobalSection
	GlobalSection(SolutionProperties) = preSolution
		HideSolutionNode = FALSE
	EndGlobalSection
EndGlobal
