
Microsoft Visual Studio Solution File, Format Version 11.00
# Visual Studio 2010
Project("{FAE04EC0-301F-11D3-BF4B-00C04F79EFBC}") = "TestBed", "TestBed\TestBed\TestBed.csproj", "{E01E1859-540F-4591-950C-E874F2E7EC0B}"
EndProject
Project("{FAE04EC0-301F-11D3-BF4B-00C04F79EFBC}") = "factor10.VisionThingContent", "..\factor10.VisionThingContent\factor10.VisionThingContent.contentproj", "{632177D6-E0FB-4905-BB4E-B8B9B330244F}"
EndProject
Project("{FAE04EC0-301F-11D3-BF4B-00C04F79EFBC}") = "factor10.VisionThing", "..\factor10.VisionThing\factor10.VisionThing.csproj", "{57F05DF6-C98A-4989-89C6-473773287427}"
EndProject
Project("{FAE04EC0-301F-11D3-BF4B-00C04F79EFBC}") = "factor10.VisionaryHeads", "..\factor10.VisionaryHeads\factor10.VisionaryHeads.csproj", "{DEDA88C6-08E4-4326-912D-3E1E1F537A72}"
EndProject
Project("{FAE04EC0-301F-11D3-BF4B-00C04F79EFBC}") = "factor10.VisionaryHeads.Tests", "..\factor10.VisionaryHeads.Tests\factor10.VisionaryHeads.Tests.csproj", "{5765F9EC-C5DE-4E47-912E-38A3A9E4BA7D}"
EndProject
Global
	GlobalSection(SolutionConfigurationPlatforms) = preSolution
		Debug|Any CPU = Debug|Any CPU
		Debug|Mixed Platforms = Debug|Mixed Platforms
		Debug|x86 = Debug|x86
		Release|Any CPU = Release|Any CPU
		Release|Mixed Platforms = Release|Mixed Platforms
		Release|x86 = Release|x86
	EndGlobalSection
	GlobalSection(ProjectConfigurationPlatforms) = postSolution
		{E01E1859-540F-4591-950C-E874F2E7EC0B}.Debug|Any CPU.ActiveCfg = Debug|x86
		{E01E1859-540F-4591-950C-E874F2E7EC0B}.Debug|Mixed Platforms.ActiveCfg = Debug|x86
		{E01E1859-540F-4591-950C-E874F2E7EC0B}.Debug|Mixed Platforms.Build.0 = Debug|x86
		{E01E1859-540F-4591-950C-E874F2E7EC0B}.Debug|x86.ActiveCfg = Debug|x86
		{E01E1859-540F-4591-950C-E874F2E7EC0B}.Debug|x86.Build.0 = Debug|x86
		{E01E1859-540F-4591-950C-E874F2E7EC0B}.Release|Any CPU.ActiveCfg = Release|x86
		{E01E1859-540F-4591-950C-E874F2E7EC0B}.Release|Mixed Platforms.ActiveCfg = Release|x86
		{E01E1859-540F-4591-950C-E874F2E7EC0B}.Release|Mixed Platforms.Build.0 = Release|x86
		{E01E1859-540F-4591-950C-E874F2E7EC0B}.Release|x86.ActiveCfg = Release|x86
		{E01E1859-540F-4591-950C-E874F2E7EC0B}.Release|x86.Build.0 = Release|x86
		{632177D6-E0FB-4905-BB4E-B8B9B330244F}.Debug|Any CPU.ActiveCfg = Debug|x86
		{632177D6-E0FB-4905-BB4E-B8B9B330244F}.Debug|Mixed Platforms.ActiveCfg = Debug|x86
		{632177D6-E0FB-4905-BB4E-B8B9B330244F}.Debug|x86.ActiveCfg = Debug|x86
		{632177D6-E0FB-4905-BB4E-B8B9B330244F}.Release|Any CPU.ActiveCfg = Release|x86
		{632177D6-E0FB-4905-BB4E-B8B9B330244F}.Release|Mixed Platforms.ActiveCfg = Release|x86
		{632177D6-E0FB-4905-BB4E-B8B9B330244F}.Release|x86.ActiveCfg = Release|x86
		{57F05DF6-C98A-4989-89C6-473773287427}.Debug|Any CPU.ActiveCfg = Debug|x86
		{57F05DF6-C98A-4989-89C6-473773287427}.Debug|Mixed Platforms.ActiveCfg = Debug|x86
		{57F05DF6-C98A-4989-89C6-473773287427}.Debug|Mixed Platforms.Build.0 = Debug|x86
		{57F05DF6-C98A-4989-89C6-473773287427}.Debug|x86.ActiveCfg = Debug|x86
		{57F05DF6-C98A-4989-89C6-473773287427}.Debug|x86.Build.0 = Debug|x86
		{57F05DF6-C98A-4989-89C6-473773287427}.Release|Any CPU.ActiveCfg = Release|x86
		{57F05DF6-C98A-4989-89C6-473773287427}.Release|Mixed Platforms.ActiveCfg = Release|x86
		{57F05DF6-C98A-4989-89C6-473773287427}.Release|Mixed Platforms.Build.0 = Release|x86
		{57F05DF6-C98A-4989-89C6-473773287427}.Release|x86.ActiveCfg = Release|x86
		{57F05DF6-C98A-4989-89C6-473773287427}.Release|x86.Build.0 = Release|x86
		{DEDA88C6-08E4-4326-912D-3E1E1F537A72}.Debug|Any CPU.ActiveCfg = Debug|Any CPU
		{DEDA88C6-08E4-4326-912D-3E1E1F537A72}.Debug|Any CPU.Build.0 = Debug|Any CPU
		{DEDA88C6-08E4-4326-912D-3E1E1F537A72}.Debug|Mixed Platforms.ActiveCfg = Debug|Any CPU
		{DEDA88C6-08E4-4326-912D-3E1E1F537A72}.Debug|Mixed Platforms.Build.0 = Debug|Any CPU
		{DEDA88C6-08E4-4326-912D-3E1E1F537A72}.Debug|x86.ActiveCfg = Debug|Any CPU
		{DEDA88C6-08E4-4326-912D-3E1E1F537A72}.Release|Any CPU.ActiveCfg = Release|Any CPU
		{DEDA88C6-08E4-4326-912D-3E1E1F537A72}.Release|Any CPU.Build.0 = Release|Any CPU
		{DEDA88C6-08E4-4326-912D-3E1E1F537A72}.Release|Mixed Platforms.ActiveCfg = Release|Any CPU
		{DEDA88C6-08E4-4326-912D-3E1E1F537A72}.Release|Mixed Platforms.Build.0 = Release|Any CPU
		{DEDA88C6-08E4-4326-912D-3E1E1F537A72}.Release|x86.ActiveCfg = Release|Any CPU
		{5765F9EC-C5DE-4E47-912E-38A3A9E4BA7D}.Debug|Any CPU.ActiveCfg = Debug|Any CPU
		{5765F9EC-C5DE-4E47-912E-38A3A9E4BA7D}.Debug|Any CPU.Build.0 = Debug|Any CPU
		{5765F9EC-C5DE-4E47-912E-38A3A9E4BA7D}.Debug|Mixed Platforms.ActiveCfg = Debug|Any CPU
		{5765F9EC-C5DE-4E47-912E-38A3A9E4BA7D}.Debug|Mixed Platforms.Build.0 = Debug|Any CPU
		{5765F9EC-C5DE-4E47-912E-38A3A9E4BA7D}.Debug|x86.ActiveCfg = Debug|Any CPU
		{5765F9EC-C5DE-4E47-912E-38A3A9E4BA7D}.Release|Any CPU.ActiveCfg = Release|Any CPU
		{5765F9EC-C5DE-4E47-912E-38A3A9E4BA7D}.Release|Any CPU.Build.0 = Release|Any CPU
		{5765F9EC-C5DE-4E47-912E-38A3A9E4BA7D}.Release|Mixed Platforms.ActiveCfg = Release|Any CPU
		{5765F9EC-C5DE-4E47-912E-38A3A9E4BA7D}.Release|Mixed Platforms.Build.0 = Release|Any CPU
		{5765F9EC-C5DE-4E47-912E-38A3A9E4BA7D}.Release|x86.ActiveCfg = Release|Any CPU
	EndGlobalSection
	GlobalSection(SolutionProperties) = preSolution
		HideSolutionNode = FALSE
	EndGlobalSection
EndGlobal
