
Microsoft Visual Studio Solution File, Format Version 11.00
# Visual Studio 2010
Project("{FAE04EC0-301F-11D3-BF4B-00C04F79EFBC}") = "TestLod", "TestLod\TestLod\TestLod.csproj", "{E01E1859-540F-4591-950C-E874F2E7EC0B}"
EndProject
Project("{FAE04EC0-301F-11D3-BF4B-00C04F79EFBC}") = "factor10.VisionThingContent", "..\factor10.VisionThingContent\factor10.VisionThingContent.contentproj", "{632177D6-E0FB-4905-BB4E-B8B9B330244F}"
EndProject
Project("{FAE04EC0-301F-11D3-BF4B-00C04F79EFBC}") = "factor10.VisionThing", "..\factor10.VisionThing\factor10.VisionThing.csproj", "{57F05DF6-C98A-4989-89C6-473773287427}"
EndProject
Project("{96E2B04D-8817-42C6-938A-82C39BA4D311}") = "TestLodContent", "TestLodContent\TestLodContent.contentproj", "{2AEC86A1-E475-4F82-9C86-6B51D7C9DFD7}"
EndProject
Global
	GlobalSection(SolutionConfigurationPlatforms) = preSolution
		Debug|Any CPU = Debug|Any CPU
		Debug|x86 = Debug|x86
		Release|Any CPU = Release|Any CPU
		Release|x86 = Release|x86
	EndGlobalSection
	GlobalSection(ProjectConfigurationPlatforms) = postSolution
		{E01E1859-540F-4591-950C-E874F2E7EC0B}.Debug|Any CPU.ActiveCfg = Debug|x86
		{E01E1859-540F-4591-950C-E874F2E7EC0B}.Debug|x86.ActiveCfg = Debug|x86
		{E01E1859-540F-4591-950C-E874F2E7EC0B}.Debug|x86.Build.0 = Debug|x86
		{E01E1859-540F-4591-950C-E874F2E7EC0B}.Release|Any CPU.ActiveCfg = Release|x86
		{E01E1859-540F-4591-950C-E874F2E7EC0B}.Release|x86.ActiveCfg = Release|x86
		{E01E1859-540F-4591-950C-E874F2E7EC0B}.Release|x86.Build.0 = Release|x86
		{632177D6-E0FB-4905-BB4E-B8B9B330244F}.Debug|Any CPU.ActiveCfg = Debug|x86
		{632177D6-E0FB-4905-BB4E-B8B9B330244F}.Debug|x86.ActiveCfg = Debug|x86
		{632177D6-E0FB-4905-BB4E-B8B9B330244F}.Release|Any CPU.ActiveCfg = Release|x86
		{632177D6-E0FB-4905-BB4E-B8B9B330244F}.Release|x86.ActiveCfg = Release|x86
		{57F05DF6-C98A-4989-89C6-473773287427}.Debug|Any CPU.ActiveCfg = Debug|x86
		{57F05DF6-C98A-4989-89C6-473773287427}.Debug|x86.ActiveCfg = Debug|x86
		{57F05DF6-C98A-4989-89C6-473773287427}.Debug|x86.Build.0 = Debug|x86
		{57F05DF6-C98A-4989-89C6-473773287427}.Release|Any CPU.ActiveCfg = Release|x86
		{57F05DF6-C98A-4989-89C6-473773287427}.Release|x86.ActiveCfg = Release|x86
		{57F05DF6-C98A-4989-89C6-473773287427}.Release|x86.Build.0 = Release|x86
		{2AEC86A1-E475-4F82-9C86-6B51D7C9DFD7}.Debug|Any CPU.ActiveCfg = Debug|Any CPU
		{2AEC86A1-E475-4F82-9C86-6B51D7C9DFD7}.Debug|x86.ActiveCfg = Debug|Any CPU
		{2AEC86A1-E475-4F82-9C86-6B51D7C9DFD7}.Release|Any CPU.ActiveCfg = Debug|Any CPU
		{2AEC86A1-E475-4F82-9C86-6B51D7C9DFD7}.Release|x86.ActiveCfg = Debug|Any CPU
	EndGlobalSection
	GlobalSection(SolutionProperties) = preSolution
		HideSolutionNode = FALSE
	EndGlobalSection
EndGlobal
